
Microsoft Visual Studio Solution File, Format Version 12.00
# Visual Studio Version 16
VisualStudioVersion = 16.0.31321.278
MinimumVisualStudioVersion = 10.0.40219.1
Project("{6EC3EE1D-3C4E-46DD-8F32-0CC8E7565705}") = "FSRayTracer", "FSRayTracer\FSRayTracer.fsproj", "{6208AC85-9C10-48A3-972E-C4069FA37114}"
EndProject
Project("{6EC3EE1D-3C4E-46DD-8F32-0CC8E7565705}") = "SandBox", "SandBox\SandBox.fsproj", "{8AC0F43D-C10C-4EE9-A4ED-86E18F86EED6}"
EndProject
Project("{6EC3EE1D-3C4E-46DD-8F32-0CC8E7565705}") = "TestPack", "TestPack\TestPack.fsproj", "{EC433628-C7C2-49B0-B1CD-AEF732CEDA1E}"
EndProject
Project("{2150E333-8FDC-42A3-9474-1A3956D46DE8}") = "Solution Items", "Solution Items", "{16E475F1-2966-4777-A879-45E1AF93AE88}"
	ProjectSection(SolutionItems) = preProject
		README.md = README.md
	EndProjectSection
EndProject
Project("{F2A71F9B-5D33-465A-A702-920D77279786}") = "Benchmarks", "Benchmarks\Benchmarks.fsproj", "{7C0F32E9-043D-4B2B-B47F-8DD40686CDBF}"
EndProject
Global
	GlobalSection(SolutionConfigurationPlatforms) = preSolution
		Debug|Any CPU = Debug|Any CPU
		Release|Any CPU = Release|Any CPU
	EndGlobalSection
	GlobalSection(ProjectConfigurationPlatforms) = postSolution
		{6208AC85-9C10-48A3-972E-C4069FA37114}.Debug|Any CPU.ActiveCfg = Debug|Any CPU
		{6208AC85-9C10-48A3-972E-C4069FA37114}.Debug|Any CPU.Build.0 = Debug|Any CPU
		{6208AC85-9C10-48A3-972E-C4069FA37114}.Release|Any CPU.ActiveCfg = Release|Any CPU
		{6208AC85-9C10-48A3-972E-C4069FA37114}.Release|Any CPU.Build.0 = Release|Any CPU
		{8AC0F43D-C10C-4EE9-A4ED-86E18F86EED6}.Debug|Any CPU.ActiveCfg = Debug|Any CPU
		{8AC0F43D-C10C-4EE9-A4ED-86E18F86EED6}.Debug|Any CPU.Build.0 = Debug|Any CPU
		{8AC0F43D-C10C-4EE9-A4ED-86E18F86EED6}.Release|Any CPU.ActiveCfg = Release|Any CPU
		{8AC0F43D-C10C-4EE9-A4ED-86E18F86EED6}.Release|Any CPU.Build.0 = Release|Any CPU
		{EC433628-C7C2-49B0-B1CD-AEF732CEDA1E}.Debug|Any CPU.ActiveCfg = Debug|Any CPU
		{EC433628-C7C2-49B0-B1CD-AEF732CEDA1E}.Debug|Any CPU.Build.0 = Debug|Any CPU
		{EC433628-C7C2-49B0-B1CD-AEF732CEDA1E}.Release|Any CPU.ActiveCfg = Release|Any CPU
		{EC433628-C7C2-49B0-B1CD-AEF732CEDA1E}.Release|Any CPU.Build.0 = Release|Any CPU
		{7C0F32E9-043D-4B2B-B47F-8DD40686CDBF}.Debug|Any CPU.ActiveCfg = Debug|Any CPU
		{7C0F32E9-043D-4B2B-B47F-8DD40686CDBF}.Debug|Any CPU.Build.0 = Debug|Any CPU
		{7C0F32E9-043D-4B2B-B47F-8DD40686CDBF}.Release|Any CPU.ActiveCfg = Release|Any CPU
		{7C0F32E9-043D-4B2B-B47F-8DD40686CDBF}.Release|Any CPU.Build.0 = Release|Any CPU
	EndGlobalSection
	GlobalSection(SolutionProperties) = preSolution
		HideSolutionNode = FALSE
	EndGlobalSection
	GlobalSection(ExtensibilityGlobals) = postSolution
		SolutionGuid = {3157CD30-6E2A-4DAE-981C-AF9513CAF568}
	EndGlobalSection
EndGlobal
